
Microsoft Visual Studio Solution File, Format Version 12.00
# Visual Studio 15
VisualStudioVersion = 15.0.28307.136
MinimumVisualStudioVersion = 10.0.40219.1
Project("{FAE04EC0-301F-11D3-BF4B-00C04F79EFBC}") = "MathService", "MathService\MathService.csproj", "{171CCD97-27DA-44AA-9C5C-C5D2C5824ECE}"
EndProject
Global
	GlobalSection(SolutionConfigurationPlatforms) = preSolution
		Debug|Any CPU = Debug|Any CPU
		Release|Any CPU = Release|Any CPU
	EndGlobalSection
	GlobalSection(ProjectConfigurationPlatforms) = postSolution
		{171CCD97-27DA-44AA-9C5C-C5D2C5824ECE}.Debug|Any CPU.ActiveCfg = Debug|Any CPU
		{171CCD97-27DA-44AA-9C5C-C5D2C5824ECE}.Debug|Any CPU.Build.0 = Debug|Any CPU
		{171CCD97-27DA-44AA-9C5C-C5D2C5824ECE}.Release|Any CPU.ActiveCfg = Release|Any CPU
		{171CCD97-27DA-44AA-9C5C-C5D2C5824ECE}.Release|Any CPU.Build.0 = Release|Any CPU
	EndGlobalSection
	GlobalSection(SolutionProperties) = preSolution
		HideSolutionNode = FALSE
	EndGlobalSection
	GlobalSection(ExtensibilityGlobals) = postSolution
		SolutionGuid = {F675C169-FF41-44BB-95F2-B4AAE0F6C382}
	EndGlobalSection
EndGlobal
